# THIS IS AN AUTOGENERATED FILE. DO NOT EDIT THIS FILE DIRECTLY.
# yarn lockfile v1


deepmerge-ts@^4.2.1:
  version "4.3.0"
  resolved "https://registry.yarnpkg.com/deepmerge-ts/-/deepmerge-ts-4.3.0.tgz#432aff3cd09f947e36cdb3772a43960bf45327fe"
  integrity sha512-if3ZYdkD2dClhnXR5reKtG98cwyaRT1NeugQoAPTTfsOpV9kqyeiBF9Qa5RHjemb3KzD5ulqygv6ED3t5j9eJw==

"discord-giveaways@github:strange-bot/discord-giveaways":
  version "6.0.1"
  resolved "https://codeload.github.com/strange-bot/discord-giveaways/tar.gz/9b594fe5bba0d7b3c7eca8fdd79c599970681e21"
  dependencies:
    deepmerge-ts "^4.2.1"
    serialize-javascript "^6.0.0"

enhanced-ms@^2.3.0:
  version "2.3.0"
  resolved "https://registry.yarnpkg.com/enhanced-ms/-/enhanced-ms-2.3.0.tgz#26aee7545fc671ae2f872cf913d35cd120d39cba"
  integrity sha512-w+pgd9dKRpixmzJEIhpklx51UmhRLeCJSqBNQdmF1hNMR9kuNBYxHXYjonXRsViicl4Nov9nScLTxhaxOTx3lw==

randombytes@^2.1.0:
  version "2.1.0"
  resolved "https://registry.yarnpkg.com/randombytes/-/randombytes-2.1.0.tgz#df6f84372f0270dc65cdf6291349ab7a473d4f2a"
  integrity sha512-vYl3iOX+4CKUWuxGi9Ukhie6fsqXqS9FE2Zaic4tNFD2N2QQaXOMFbuKK4QmDHC0JO6B1Zp41J0LpT0oR68amQ==
  dependencies:
    safe-buffer "^5.1.0"

safe-buffer@^5.1.0:
  version "5.2.1"
  resolved "https://registry.yarnpkg.com/safe-buffer/-/safe-buffer-5.2.1.tgz#1eaf9fa9bdb1fdd4ec75f58f9cdb4e6b7827eec6"
  integrity sha512-rp3So07KcdmmKbGvgaNxQSJr7bGVSVk5S9Eq1F+ppbRo70+YeaDxkw5Dd8NPN+GD6bjnYm2VuPuCXmpuYvmCXQ==

serialize-javascript@^6.0.0:
  version "6.0.2"
  resolved "https://registry.yarnpkg.com/serialize-javascript/-/serialize-javascript-6.0.2.tgz#defa1e055c83bf6d59ea805d8da862254eb6a6c2"
  integrity sha512-Saa1xPByTTq2gdeFZYLLo+RFE35NHZkAbqZeWNd3BpzppeVisAqpDjcp8dyf6uIvEqJRd46jemmyA4iFIeVk8g==
  dependencies:
    randombytes "^2.1.0"
