# THIS IS AN AUTOGENERATED FILE. DO NOT EDIT THIS FILE DIRECTLY.
# yarn lockfile v1


"@sourcebin/linguist@0.0.3":
  version "0.0.3"
  resolved "https://registry.yarnpkg.com/@sourcebin/linguist/-/linguist-0.0.3.tgz#f87ebb06eb4450c6f2825c5cb5347cd4fc057175"
  integrity sha512-VVkb/34pISdK+1tyqmwBac6crn8UhviKCRV5w/wc8iZyTCOoTrOu0Cgbqfh0bfMGxNlQuhaRy6cMmEmHxa5R3g==

common-tags@^1.8.2:
  version "1.8.2"
  resolved "https://registry.yarnpkg.com/common-tags/-/common-tags-1.8.2.tgz#94ebb3c076d26032745fd54face7f688ef5ac9c6"
  integrity sha512-gk/Z852D2Wtb//0I+kRFNKKE9dIIVirjoqPoA1wJU+XePVXZfGeBpk45+A1rKO4Q43prqWBNY/MiIeRLbPWUaA==

moment@^2.29.4:
  version "2.30.1"
  resolved "https://registry.yarnpkg.com/moment/-/moment-2.30.1.tgz#f8c91c07b7a786e30c59926df530b4eac96974ae"
  integrity sha512-uEmtNhbDOrWPFS+hdjFCBfy9f2YoyzRpwcl+DqpC6taX21FzsTLQVbMV/W7PzNSX6x/bhC1zA3c2UQ5NzH6how==

node-fetch@^2.6.0:
  version "2.7.0"
  resolved "https://registry.yarnpkg.com/node-fetch/-/node-fetch-2.7.0.tgz#d0f0fa6e3e2dc1d27efcd8ad99d550bda94d187d"
  integrity sha512-c4FRfUm/dbcWZ7U+1Wq0AwCyFL+3nt2bEw05wfxSz+DWpWsitgmSgYmy2dQdWyKC1694ELPqMs/YzUSNozLt8A==
  dependencies:
    whatwg-url "^5.0.0"

sourcebin_js@^0.0.3-ignore:
  version "0.0.3-ignore"
  resolved "https://registry.yarnpkg.com/sourcebin_js/-/sourcebin_js-0.0.3-ignore.tgz#f8eb7fcf5ce0f0c7d60341445d29b4af2bfd674a"
  integrity sha512-/W6zJeV13IRw4nZ7ByjmjqmQ3UpRqBafJrxLjSUUH8goG60T/1ze2hu87iP2ca5RXEqoTKr7057SJTXqrov3lA==
  dependencies:
    "@sourcebin/linguist" "0.0.3"
    node-fetch "^2.6.0"

timestamp-to-date@^1.1.0:
  version "1.1.0"
  resolved "https://registry.yarnpkg.com/timestamp-to-date/-/timestamp-to-date-1.1.0.tgz#8e90ebb0c3a97f9182759f6c9657551c67788ead"
  integrity sha512-XYDA+h2TMKj/KJJ5wAkZ25AcBGu/dwZNDy3lkNWRbLUcosvhTuaZ0Or3VOzjYuZD4SuHrXARncmWZChXncMznw==

tr46@~0.0.3:
  version "0.0.3"
  resolved "https://registry.yarnpkg.com/tr46/-/tr46-0.0.3.tgz#8184fd347dac9cdc185992f3a6622e14b9d9ab6a"
  integrity sha512-N3WMsuqV66lT30CrXNbEjx4GEwlow3v6rr4mCcv6prnfwhS01rkgyFdjPNBYd9br7LpXV1+Emh01fHnq2Gdgrw==

twemoji-parser@^14.0.0:
  version "14.0.0"
  resolved "https://registry.yarnpkg.com/twemoji-parser/-/twemoji-parser-14.0.0.tgz#13dabcb6d3a261d9efbf58a1666b182033bf2b62"
  integrity sha512-9DUOTGLOWs0pFWnh1p6NF+C3CkQ96PWmEFwhOVmT3WbecRC+68AIqpsnJXygfkFcp4aXbOp8Dwbhh/HQgvoRxA==

webidl-conversions@^3.0.0:
  version "3.0.1"
  resolved "https://registry.yarnpkg.com/webidl-conversions/-/webidl-conversions-3.0.1.tgz#24534275e2a7bc6be7bc86611cc16ae0a5654871"
  integrity sha512-2JAn3z8AR6rjK8Sm8orRC0h/bcl/DqL7tRPdGZ4I1CjdF+EaMLmYxBHyXuKL849eucPFhvBoxMsflfOb8kxaeQ==

whatwg-url@^5.0.0:
  version "5.0.0"
  resolved "https://registry.yarnpkg.com/whatwg-url/-/whatwg-url-5.0.0.tgz#966454e8765462e37644d3626f6742ce8b70965d"
  integrity sha512-saE57nupxk6v3HY35+jzBwYa0rKSy0XR8JSxZPwgLr7ys0IBzhGviA1/TUGJLmSVqs8pb9AnvICXEuOHLprYTw==
  dependencies:
    tr46 "~0.0.3"
    webidl-conversions "^3.0.0"
