# THIS IS AN AUTOGENERATED FILE. DO NOT EDIT THIS FILE DIRECTLY.
# yarn lockfile v1


nekos.life@^3.0.0:
  version "3.0.0"
  resolved "https://registry.yarnpkg.com/nekos.life/-/nekos.life-3.0.0.tgz#91d944daad8dcbdff493cf430537639fa963b60e"
  integrity sha512-7LbvSqLtfK4XRA91nJaGOWthrNADmG7Vx9d54TC77Hx5qFvRCssFUaHraI6bZGjVENBCUaF7CreisoFX+8mnKQ==
